# This file is automatically @generated by Poetry and should not be changed by hand.

[[package]]
name = "bump2version"
version = "1.0.1"
description = "Version-bump your software with a single command!"
category = "dev"
optional = false
python-versions = ">=3.5"
files = [
    {file = "bump2version-1.0.1-py2.py3-none-any.whl", hash = "sha256:37f927ea17cde7ae2d7baf832f8e80ce3777624554a653006c9144f8017fe410"},
    {file = "bump2version-1.0.1.tar.gz", hash = "sha256:762cb2bfad61f4ec8e2bdf452c7c267416f8c70dd9ecb1653fd0bbb01fa936e6"},
]

[[package]]
name = "django"
version = "2.2.28"
description = "A high-level Python Web framework that encourages rapid development and clean, pragmatic design."
category = "main"
optional = false
python-versions = ">=3.5"
files = [
    {file = "Django-2.2.28-py3-none-any.whl", hash = "sha256:365429d07c1336eb42ba15aa79f45e1c13a0b04d5c21569e7d596696418a6a45"},
    {file = "Django-2.2.28.tar.gz", hash = "sha256:0200b657afbf1bc08003845ddda053c7641b9b24951e52acd51f6abda33a7413"},
]

[package.dependencies]
pytz = "*"
sqlparse = ">=0.2.2"

[package.extras]
argon2 = ["argon2-cffi (>=16.1.0)"]
bcrypt = ["bcrypt"]

[[package]]
name = "django-debug-toolbar"
version = "1.11.1"
description = "A configurable set of panels that display various debug information about the current request/response."
category = "main"
optional = false
python-versions = ">=2.7, !=3.0.*, !=3.1.*, !=3.2.*, !=3.3.*"
files = [
    {file = "django-debug-toolbar-1.11.1.tar.gz", hash = "sha256:10f5ef59c97fad34b803b02e5850b6422082e2e44544c2ec03feb4eeee0f9158"},
    {file = "django_debug_toolbar-1.11.1-py2.py3-none-any.whl", hash = "sha256:2d240517dac3b02b7d78c9109ee88546f99171a2ec2a3efa70450771cb55735e"},
]

[package.dependencies]
Django = ">=1.11"
sqlparse = ">=0.2.0"

[[package]]
name = "pytz"
version = "2021.1"
description = "World timezone definitions, modern and historical"
category = "main"
optional = false
python-versions = "*"
files = [
    {file = "pytz-2021.1-py2.py3-none-any.whl", hash = "sha256:eb10ce3e7736052ed3623d49975ce333bcd712c7bb19a58b9e2089d4057d0798"},
    {file = "pytz-2021.1.tar.gz", hash = "sha256:83a4a90894bf38e243cf052c8b58f381bfe9a7a483f6a9cab140bc7f702ac4da"},
]

[[package]]
name = "sqlparse"
version = "0.4.4"
description = "A non-validating SQL parser."
category = "main"
optional = false
python-versions = ">=3.5"
files = [
    {file = "sqlparse-0.4.4-py3-none-any.whl", hash = "sha256:5430a4fe2ac7d0f93e66f1efc6e1338a41884b7ddf2a350cedd20ccc4d9d28f3"},
    {file = "sqlparse-0.4.4.tar.gz", hash = "sha256:d446183e84b8349fa3061f0fe7f06ca94ba65b426946ffebe6e3e8295332420c"},
]

[package.extras]
dev = ["build", "flake8"]
doc = ["sphinx"]
test = ["pytest", "pytest-cov"]

[metadata]
lock-version = "2.0"
python-versions = "^3.5"
content-hash = "6dc3d5a3ae5511cf2c4ad3589a726d797d2394b80b882e17a014c6a02c748039"
